
Microsoft Visual Studio Solution File, Format Version 12.00
# Visual Studio Version 16
VisualStudioVersion = 16.0.32228.343
MinimumVisualStudioVersion = 10.0.40219.1
Project("{FAE04EC0-301F-11D3-BF4B-00C04F79EFBC}") = "Backend.API", "Backend.API\Backend.API.csproj", "{ACA0BCA0-199D-416A-BEE3-5F86941DD2EC}"
EndProject
Project("{FAE04EC0-301F-11D3-BF4B-00C04F79EFBC}") = "Backend.Data", "Backend.Data\Backend.Data.csproj", "{4AD017D4-799E-441D-BFB7-2D46EA9B00A3}"
EndProject
Project("{FAE04EC0-301F-11D3-BF4B-00C04F79EFBC}") = "Backend.Service", "Backend.Service\Backend.Service.csproj", "{34D81517-634A-43A9-A065-441C05B8A7A7}"
EndProject
Project("{FAE04EC0-301F-11D3-BF4B-00C04F79EFBC}") = "Backend.Tests", "Backend.Tests\Backend.Tests.csproj", "{A887686A-3EFD-4B3C-97A1-270E58F0D0D3}"
EndProject
Global
	GlobalSection(SolutionConfigurationPlatforms) = preSolution
		Debug|Any CPU = Debug|Any CPU
		Release|Any CPU = Release|Any CPU
	EndGlobalSection
	GlobalSection(ProjectConfigurationPlatforms) = postSolution
		{ACA0BCA0-199D-416A-BEE3-5F86941DD2EC}.Debug|Any CPU.ActiveCfg = Debug|Any CPU
		{ACA0BCA0-199D-416A-BEE3-5F86941DD2EC}.Debug|Any CPU.Build.0 = Debug|Any CPU
		{ACA0BCA0-199D-416A-BEE3-5F86941DD2EC}.Release|Any CPU.ActiveCfg = Release|Any CPU
		{ACA0BCA0-199D-416A-BEE3-5F86941DD2EC}.Release|Any CPU.Build.0 = Release|Any CPU
		{4AD017D4-799E-441D-BFB7-2D46EA9B00A3}.Debug|Any CPU.ActiveCfg = Debug|Any CPU
		{4AD017D4-799E-441D-BFB7-2D46EA9B00A3}.Debug|Any CPU.Build.0 = Debug|Any CPU
		{4AD017D4-799E-441D-BFB7-2D46EA9B00A3}.Release|Any CPU.ActiveCfg = Release|Any CPU
		{4AD017D4-799E-441D-BFB7-2D46EA9B00A3}.Release|Any CPU.Build.0 = Release|Any CPU
		{34D81517-634A-43A9-A065-441C05B8A7A7}.Debug|Any CPU.ActiveCfg = Debug|Any CPU
		{34D81517-634A-43A9-A065-441C05B8A7A7}.Debug|Any CPU.Build.0 = Debug|Any CPU
		{34D81517-634A-43A9-A065-441C05B8A7A7}.Release|Any CPU.ActiveCfg = Release|Any CPU
		{34D81517-634A-43A9-A065-441C05B8A7A7}.Release|Any CPU.Build.0 = Release|Any CPU
		{A887686A-3EFD-4B3C-97A1-270E58F0D0D3}.Debug|Any CPU.ActiveCfg = Debug|Any CPU
		{A887686A-3EFD-4B3C-97A1-270E58F0D0D3}.Debug|Any CPU.Build.0 = Debug|Any CPU
		{A887686A-3EFD-4B3C-97A1-270E58F0D0D3}.Release|Any CPU.ActiveCfg = Release|Any CPU
		{A887686A-3EFD-4B3C-97A1-270E58F0D0D3}.Release|Any CPU.Build.0 = Release|Any CPU
	EndGlobalSection
	GlobalSection(SolutionProperties) = preSolution
		HideSolutionNode = FALSE
	EndGlobalSection
	GlobalSection(ExtensibilityGlobals) = postSolution
		SolutionGuid = {2360FF16-4737-450F-97C2-38FB6C509353}
	EndGlobalSection
EndGlobal
